{
    "_readme": [
        "This file locks the dependencies of your project to a known state",
        "Read more about it at https://getcomposer.org/doc/01-basic-usage.md#installing-dependencies",
        "This file is @generated automatically"
    ],
    "content-hash": "3bb490d7c3aa08f718df1a205f1c39f0",
    "packages": [
        {
            "name": "prestashop/prestashop-webservice-lib",
            "version": "dev-master",
            "source": {
                "type": "git",
                "url": "https://github.com/PrestaShop/PrestaShop-webservice-lib.git",
                "reference": "f05c793b3a6a86b7f8aeef82ec2a9d7bcae2fdaa"
            },
            "dist": {
                "type": "zip",
                "url": "https://api.github.com/repos/PrestaShop/PrestaShop-webservice-lib/zipball/f05c793b3a6a86b7f8aeef82ec2a9d7bcae2fdaa",
                "reference": "f05c793b3a6a86b7f8aeef82ec2a9d7bcae2fdaa",
                "shasum": ""
            },
            "require": {
                "ext-curl": "*",
                "php": ">= 5.3.0"
            },
            "type": "library",
            "autoload": {
                "classmap": [
                    "PSWebServiceLibrary.php"
                ]
            },
            "notification-url": "https://packagist.org/downloads/",
            "license": [
                "OSL-3.0"
            ],
            "authors": [
                {
                    "name": "PrestaShop SA",
                    "email": "contact@prestashop.com"
                }
            ],
            "description": "PrestaShop Webservice access library",
            "time": "2017-10-24T09:18:01+00:00"
        }
    ],
    "packages-dev": [],
    "aliases": [],
    "minimum-stability": "stable",
    "stability-flags": {
        "prestashop/prestashop-webservice-lib": 20
    },
    "prefer-stable": false,
    "prefer-lowest": false,
    "platform": [],
    "platform-dev": [],
    "plugin-api-version": "1.1.0"
}
